version = 1
revision = 3
requires-python = ">=3.13"

[options]
exclude-newer = "0001-01-01T00:00:00Z" # This has no effect and is included for backwards compatibility when using relative exclude-newer values.
exclude-newer-span = "P7D"

[[package]]
name = "aws-lambda-powertools"
version = "3.35.0"
source = { registry = "https://pypi.org/simple" }
dependencies = [
    { name = "jmespath" },
    { name = "typing-extensions" },
]
sdist = { url = "https://files.pythonhosted.org/packages/a9/5b/9b36aa010e686bbe0a8bfb7367430994254a68d1e8c2383af7b3264c6ebb/aws_lambda_powertools-3.35.0.tar.gz", hash = "sha256:27c1c7d7920f214a68a11505dca33ce3709a38c4b79f5fbc94141ec0af92c9f8", size = 803046, upload-time = "2026-09-15T12:18:56.22Z" }
wheels = [
    { url = "https://files.pythonhosted.org/packages/c7/6e/2a2764dd3fef758e8bde3ec5c0fb6e2ceeace2a873ca5def30b6c69a7bcf/aws_lambda_powertools-3.35.0-py3-none-any.whl", hash = "sha256:e8fbc27d74272fb99cbec67305250e825d1630dceb2dbfdcf5908dc9c4c82dcf", size = 960326, upload-time = "2026-09-15T12:18:54.031Z" },
]

[package.optional-dependencies]
tracer = [
    { name = "aws-xray-sdk" },
]

[[package]]
name = "aws-xray-sdk"
version = "2.15.0"
source = { registry = "https://pypi.org/simple" }
dependencies = [
    { name = "botocore" },
    { name = "wrapt" },
]
sdist = { url = "https://files.pythonhosted.org/packages/14/25/0cbd7a440080def5e6f063720c3b190a25f8aa2938c1e34415dc18241596/aws_xray_sdk-2.15.0.tar.gz", hash = "sha256:794381b96e835314345068ae1dd3b9120bd8b4e21295066c37e8814dbb341365", size = 76315, upload-time = "2025-10-29T20:59:45Z" }
wheels = [
    { url = "https://files.pythonhosted.org/packages/ef/c3/f30a7a63e664acc7c2545ca0491b6ce8264536e0e5cad3965f1d1b91e960/aws_xray_sdk-2.15.0-py2.py3-none-any.whl", hash = "sha256:422d62ad7d52e373eebb90b642eb1bb24657afe03b22a8df4a8b2e5108e278a3", size = 103228, upload-time = "2025-10-29T21:00:24.12Z" },
]

[[package]]
name = "boto3"
version = "1.43.105"
source = { registry = "https://pypi.org/simple" }
dependencies = [
    { name = "botocore" },
    { name = "jmespath" },
    { name = "s3transfer" },
]
sdist = { url = "https://files.pythonhosted.org/packages/75/46/d8c87ada70a7647fb3d206c7f19eafca3580a0ae4c06d62da539a1ee1207/boto3-1.43.105.tar.gz", hash = "sha256:e51260aed9cc1474778b5488bc6f97ad28f27a0a7002f4bbaaf8191aff1422ea", size = 112682, upload-time = "2026-09-29T19:37:40.784Z" }
wheels = [
    { url = "https://files.pythonhosted.org/packages/bc/8e/0310a37ff609529dab9153cbc9fd0b66c685364d741bb6d1ae31134b728e/boto3-1.43.105-py3-none-any.whl", hash = "sha256:b8b6236ae7fe2724eee608c9b0649afbb86f0ec98158f39f67e64e678ec47499", size = 140042, upload-time = "2026-09-29T19:37:39.415Z" },
]

[[package]]
name = "boto3-stubs"
version = "1.43.105"
source = { registry = "https://pypi.org/simple" }
dependencies = [
    { name = "botocore-stubs" },
    { name = "types-s3transfer" },
]
sdist = { url = "https://files.pythonhosted.org/packages/66/10/4c1244eb3d33a5f8212f26bac763fadfcd231e900c970dee850595ee30ac/boto3_stubs-1.43.105.tar.gz", hash = "sha256:ac5676e912f2cabc907e507fb604fbdd53e884cb5928b31184abf1d68e20ef9b", size = 105285, upload-time = "2026-09-29T22:34:37.958Z" }
wheels = [
    { url = "https://files.pythonhosted.org/packages/53/b2/20996224483118ce44afd9304c2d3ddcc8817abbeac06b54f0a005db7172/boto3_stubs-1.43.105-py3-none-any.whl", hash = "sha256:0039f83a4c8672f86585b509c1bb9642a92114c0ff35d5e00fb7dfa7151e8d3e", size = 71851, upload-time = "2026-09-29T22:34:34.331Z" },
]

[[package]]
name = "botocore"
version = "1.43.105"
source = { registry = "https://pypi.org/simple" }
dependencies = [
    { name = "jmespath" },
    { name = "python-dateutil" },
    { name = "urllib3" },
]
sdist = { url = "https://files.pythonhosted.org/packages/2b/30/668f3c0533a440787e212cf56404cb6ec234ae8e6baf97fe17329d512d88/botocore-1.43.105.tar.gz", hash = "sha256:afb3e7706b123ab069d1c34571ca1fdf82528a48425574fe4693df3d039d503f", size = 16263910, upload-time = "2026-09-29T19:37:36.456Z" }
wheels = [
    { url = "https://files.pythonhosted.org/packages/f3/94/50923cd46840e4d2b56cad1dcf5008fb20c099b04b2d93d32231f2d0bfaa/botocore-1.43.105-py3-none-any.whl", hash = "sha256:7abd19e1ef2c5e4a0314ca493fa7cebefabe33e559d7dd570fe2432a5431e6ec", size = 15958067, upload-time = "2026-09-29T19:37:33.373Z" },
]

[[package]]
name = "botocore-stubs"
version = "1.43.67"
source = { registry = "https://pypi.org/simple" }
sdist = { url = "https://files.pythonhosted.org/packages/3f/45/53d662227dc4787b2c854445ee7eb4751cb5d74cfb5c686a6ecbe1f94c17/botocore_stubs-1.43.67.tar.gz", hash = "sha256:853e74014a1f557055c4ffae5fb38d7c65c7c0520e1aab366cac41d5428f419d", size = 42846, upload-time = "2026-08-08T14:57:53.412Z" }
wheels = [
    { url = "https://files.pythonhosted.org/packages/4e/5e/bdbf19967898a032292da65a47d6e25b2eee55865db4e687f861d80b5602/botocore_stubs-1.43.67-py3-none-any.whl", hash = "sha256:c51262bac3341c1cda71f05fa01141fffd3990d7a92c7960e3b755c1bc830373", size = 67244, upload-time = "2026-08-08T14:57:52.01Z" },
]

[[package]]
name = "dynamodb-handler"
version = "0.0.1"
source = { virtual = "." }
dependencies = [
    { name = "aws-lambda-powertools", extra = ["tracer"] },
    { name = "boto3" },
]

[package.dev-dependencies]
dev = [
    { name = "boto3-stubs" },
    { name = "pyright" },
    { name = "ruff" },
    { name = "types-aws-xray-sdk" },
    { name = "types-jmespath" },
    { name = "types-requests" },
]

[package.metadata]
requires-dist = [
    { name = "aws-lambda-powertools", extras = ["tracer"], specifier = ">=3.4.1,<4.0.0" },
    { name = "boto3", specifier = ">=1.36.2,<2.0.0" },
]

[package.metadata.requires-dev]
dev = [
    { name = "boto3-stubs", specifier = ">=1.36.5,<2.0.0" },
    { name = "pyright", specifier = ">=1.1.379,<1.2.0" },
    { name = "ruff", specifier = ">=0.14.0,<0.15.0" },
    { name = "types-aws-xray-sdk", specifier = ">=2.14.0.20240606,<2.16.0" },
    { name = "types-jmespath", specifier = ">=1.0.2.20240106,<1.1.0" },
    { name = "types-requests", specifier = ">=2.32.0.20241016,<2.33.0" },
]

[[package]]
name = "jmespath"
version = "1.1.0"
source = { registry = "https://pypi.org/simple" }
sdist = { url = "https://files.pythonhosted.org/packages/d3/59/322338183ecda247fb5d1763a6cbe46eff7222eaeebafd9fa65d4bf5cb11/jmespath-1.1.0.tar.gz", hash = "sha256:472c87d80f36026ae83c6ddd0f1d05d4e510134ed462851fd5f754c8c3cbb88d", size = 27377, upload-time = "2026-01-22T16:35:26.279Z" }
wheels = [
    { url = "https://files.pythonhosted.org/packages/14/2f/967ba146e6d58cf6a652da73885f52fc68001525b4197effc174321d70b4/jmespath-1.1.0-py3-none-any.whl", hash = "sha256:a5663118de4908c91729bea0acadca56526eb2698e83de10cd116ae0f4e97c64", size = 20419, upload-time = "2026-01-22T16:35:24.919Z" },
]

[[package]]
name = "nodeenv"
version = "1.11.0"
source = { registry = "https://pypi.org/simple" }
sdist = { url = "https://files.pythonhosted.org/packages/9a/8e/105de02c1322cfada6d9710d9146ef8026419d433c9d08359a2d35805811/nodeenv-1.11.0.tar.gz", hash = "sha256:3ce8fe5b71d16e8af7039ca65257354100bc772965d6bc549070649e53b1b146", size = 99301, upload-time = "2026-09-26T11:29:21.367Z" }
wheels = [
    { url = "https://files.pythonhosted.org/packages/54/c8/12811c9b48fde162bb72b6f2e78fada9a247a09d7bb5be2050a5d099c77b/nodeenv-1.11.0-py2.py3-none-any.whl", hash = "sha256:edaa16e6c14d7cf395d75d4bbd5a26390f4dc06501a33b4e76282b02cc688a25", size = 34277, upload-time = "2026-09-26T11:29:19.933Z" },
]

[[package]]
name = "pyright"
version = "1.1.414"
source = { registry = "https://pypi.org/simple" }
dependencies = [
    { name = "nodeenv" },
    { name = "typing-extensions" },
]
sdist = { url = "https://files.pythonhosted.org/packages/e1/1b/244c7b710031ada80f27e579ec20d28a2285dfc318fed0339866b1047f12/pyright-1.1.414.tar.gz", hash = "sha256:523c0a97c60da6333234955c277730c9cf4f5bd6d5399e7b7d2b0fc5d3599524", size = 4154638, upload-time = "2026-09-10T12:26:53.181Z" }
wheels = [
    { url = "https://files.pythonhosted.org/packages/d7/ba/18b6e682ead424ad24bcc134339ae5d1b931cd9ae260540592a058a91279/pyright-1.1.414-py3-none-any.whl", hash = "sha256:2a6b4b3298c9eec174c5ed83bd338de6eee82df2992f3e1930e6199d381be36f", size = 6225049, upload-time = "2026-09-10T12:26:51.427Z" },
]

[[package]]
name = "python-dateutil"
version = "2.9.0.post0"
source = { registry = "https://pypi.org/simple" }
dependencies = [
    { name = "six" },
]
sdist = { url = "https://files.pythonhosted.org/packages/66/c0/0c8b6ad9f17a802ee498c46e004a0eb49bc148f2fd230864601a86dcf6db/python-dateutil-2.9.0.post0.tar.gz", hash = "sha256:37dd54208da7e1cd875388217d5e00ebd4179249f90fb72437e91a35459a0ad3", size = 342432, upload-time = "2024-03-01T18:36:20.211Z" }
wheels = [
    { url = "https://files.pythonhosted.org/packages/ec/57/56b9bcc3c9c6a792fcbaf139543cee77261f3651ca9da0c93f5c1221264b/python_dateutil-2.9.0.post0-py2.py3-none-any.whl", hash = "sha256:a8b2bc7bffae282281c8140a97d3aa9c14da0b136dfe83f850eea9a5f7470427", size = 229892, upload-time = "2024-03-01T18:36:18.57Z" },
]

[[package]]
name = "ruff"
version = "0.14.14"
source = { registry = "https://pypi.org/simple" }
sdist = { url = "https://files.pythonhosted.org/packages/2e/06/f71e3a86b2df0dfa2d2f72195941cd09b44f87711cb7fa5193732cb9a5fc/ruff-0.14.14.tar.gz", hash = "sha256:2d0f819c9a90205f3a867dbbd0be083bee9912e170fd7d9704cc8ae45824896b", size = 4515732, upload-time = "2026-01-22T22:30:17.527Z" }
wheels = [
    { url = "https://files.pythonhosted.org/packages/d2/89/20a12e97bc6b9f9f68343952da08a8099c57237aef953a56b82711d55edd/ruff-0.14.14-py3-none-linux_armv6l.whl", hash = "sha256:7cfe36b56e8489dee8fbc777c61959f60ec0f1f11817e8f2415f429552846aed", size = 10467650, upload-time = "2026-01-22T22:30:08.578Z" },
    { url = "https://files.pythonhosted.org/packages/a3/b1/c5de3fd2d5a831fcae21beda5e3589c0ba67eec8202e992388e4b17a6040/ruff-0.14.14-py3-none-macosx_10_12_x86_64.whl", hash = "sha256:6006a0082336e7920b9573ef8a7f52eec837add1265cc74e04ea8a4368cd704c", size = 10883245, upload-time = "2026-01-22T22:30:04.155Z" },
    { url = "https://files.pythonhosted.org/packages/b8/7c/3c1db59a10e7490f8f6f8559d1db8636cbb13dccebf18686f4e3c9d7c772/ruff-0.14.14-py3-none-macosx_11_0_arm64.whl", hash = "sha256:026c1d25996818f0bf498636686199d9bd0d9d6341c9c2c3b62e2a0198b758de", size = 10231273, upload-time = "2026-01-22T22:30:34.642Z" },
    { url = "https://files.pythonhosted.org/packages/a1/6e/5e0e0d9674be0f8581d1f5e0f0a04761203affce3232c1a1189d0e3b4dad/ruff-0.14.14-py3-none-manylinux_2_17_aarch64.manylinux2014_aarch64.whl", hash = "sha256:f666445819d31210b71e0a6d1c01e24447a20b85458eea25a25fe8142210ae0e", size = 10585753, upload-time = "2026-01-22T22:30:31.781Z" },
    { url = "https://files.pythonhosted.org/packages/23/09/754ab09f46ff1884d422dc26d59ba18b4e5d355be147721bb2518aa2a014/ruff-0.14.14-py3-none-manylinux_2_17_armv7l.manylinux2014_armv7l.whl", hash = "sha256:3c0f18b922c6d2ff9a5e6c3ee16259adc513ca775bcf82c67ebab7cbd9da5bc8", size = 10286052, upload-time = "2026-01-22T22:30:24.827Z" },
    { url = "https://files.pythonhosted.org/packages/c8/cc/e71f88dd2a12afb5f50733851729d6b571a7c3a35bfdb16c3035132675a0/ruff-0.14.14-py3-none-manylinux_2_17_i686.manylinux2014_i686.whl", hash = "sha256:1629e67489c2dea43e8658c3dba659edbfd87361624b4040d1df04c9740ae906", size = 11043637, upload-time = "2026-01-22T22:30:13.239Z" },
    { url = "https://files.pythonhosted.org/packages/67/b2/397245026352494497dac935d7f00f1468c03a23a0c5db6ad8fc49ca3fb2/ruff-0.14.14-py3-none-manylinux_2_17_ppc64.manylinux2014_ppc64.whl", hash = "sha256:27493a2131ea0f899057d49d303e4292b2cae2bb57253c1ed1f256fbcd1da480", size = 12194761, upload-time = "2026-01-22T22:30:22.542Z" },
    { url = "https://files.pythonhosted.org/packages/5b/06/06ef271459f778323112c51b7587ce85230785cd64e91772034ddb88f200/ruff-0.14.14-py3-none-manylinux_2_17_ppc64le.manylinux2014_ppc64le.whl", hash = "sha256:01ff589aab3f5b539e35db38425da31a57521efd1e4ad1ae08fc34dbe30bd7df", size = 12005701, upload-time = "2026-01-22T22:30:20.499Z" },
    { url = "https://files.pythonhosted.org/packages/41/d6/99364514541cf811ccc5ac44362f88df66373e9fec1b9d1c4cc830593fe7/ruff-0.14.14-py3-none-manylinux_2_17_s390x.manylinux2014_s390x.whl", hash = "sha256:1cc12d74eef0f29f51775f5b755913eb523546b88e2d733e1d701fe65144e89b", size = 11282455, upload-time = "2026-01-22T22:29:59.679Z" },
    { url = "https://files.pythonhosted.org/packages/ca/71/37daa46f89475f8582b7762ecd2722492df26421714a33e72ccc9a84d7a5/ruff-0.14.14-py3-none-manylinux_2_17_x86_64.manylinux2014_x86_64.whl", hash = "sha256:bb8481604b7a9e75eff53772496201690ce2687067e038b3cc31aaf16aa0b974", size = 11215882, upload-time = "2026-01-22T22:29:57.032Z" },
    { url = "https://files.pythonhosted.org/packages/2c/10/a31f86169ec91c0705e618443ee74ede0bdd94da0a57b28e72db68b2dbac/ruff-0.14.14-py3-none-manylinux_2_31_riscv64.whl", hash = "sha256:14649acb1cf7b5d2d283ebd2f58d56b75836ed8c6f329664fa91cdea19e76e66", size = 11180549, upload-time = "2026-01-22T22:30:27.175Z" },
    { url = "https://files.pythonhosted.org/packages/fd/1e/c723f20536b5163adf79bdd10c5f093414293cdf567eed9bdb7b83940f3f/ruff-0.14.14-py3-none-musllinux_1_2_aarch64.whl", hash = "sha256:e8058d2145566510790eab4e2fad186002e288dec5e0d343a92fe7b0bc1b3e13", size = 10543416, upload-time = "2026-01-22T22:30:01.964Z" },
    { url = "https://files.pythonhosted.org/packages/3e/34/8a84cea7e42c2d94ba5bde1d7a4fae164d6318f13f933d92da6d7c2041ff/ruff-0.14.14-py3-none-musllinux_1_2_armv7l.whl", hash = "sha256:e651e977a79e4c758eb807f0481d673a67ffe53cfa92209781dfa3a996cf8412", size = 10285491, upload-time = "2026-01-22T22:30:29.51Z" },
    { url = "https://files.pythonhosted.org/packages/55/ef/b7c5ea0be82518906c978e365e56a77f8de7678c8bb6651ccfbdc178c29f/ruff-0.14.14-py3-none-musllinux_1_2_i686.whl", hash = "sha256:cc8b22da8d9d6fdd844a68ae937e2a0adf9b16514e9a97cc60355e2d4b219fc3", size = 10733525, upload-time = "2026-01-22T22:30:06.499Z" },
    { url = "https://files.pythonhosted.org/packages/6a/5b/aaf1dfbcc53a2811f6cc0a1759de24e4b03e02ba8762daabd9b6bd8c59e3/ruff-0.14.14-py3-none-musllinux_1_2_x86_64.whl", hash = "sha256:16bc890fb4cc9781bb05beb5ab4cd51be9e7cb376bf1dd3580512b24eb3fda2b", size = 11315626, upload-time = "2026-01-22T22:30:36.848Z" },
    { url = "https://files.pythonhosted.org/packages/2c/aa/9f89c719c467dfaf8ad799b9bae0df494513fb21d31a6059cb5870e57e74/ruff-0.14.14-py3-none-win32.whl", hash = "sha256:b530c191970b143375b6a68e6f743800b2b786bbcf03a7965b06c4bf04568167", size = 10502442, upload-time = "2026-01-22T22:30:38.93Z" },
    { url = "https://files.pythonhosted.org/packages/87/44/90fa543014c45560cae1fffc63ea059fb3575ee6e1cb654562197e5d16fb/ruff-0.14.14-py3-none-win_amd64.whl", hash = "sha256:3dde1435e6b6fe5b66506c1dff67a421d0b7f6488d466f651c07f4cab3bf20fd", size = 11630486, upload-time = "2026-01-22T22:30:10.852Z" },
    { url = "https://files.pythonhosted.org/packages/9e/6a/40fee331a52339926a92e17ae748827270b288a35ef4a15c9c8f2ec54715/ruff-0.14.14-py3-none-win_arm64.whl", hash = "sha256:56e6981a98b13a32236a72a8da421d7839221fa308b223b9283312312e5ac76c", size = 10920448, upload-time = "2026-01-22T22:30:15.417Z" },
]

[[package]]
name = "s3transfer"
version = "0.19.2"
source = { registry = "https://pypi.org/simple" }
dependencies = [
    { name = "botocore" },
]
sdist = { url = "https://files.pythonhosted.org/packages/76/43/35e4d8aa320bffe8287fe8f65f578fa2d2db0a64212f0e710dce58267854/s3transfer-0.19.2.tar.gz", hash = "sha256:ba0309fd86be3c27dbf78cdd813c13c5e1df16e5874b99d2535ebbdfb9892993", size = 165592, upload-time = "2026-07-22T19:30:44.432Z" }
wheels = [
    { url = "https://files.pythonhosted.org/packages/bc/e7/5c595c75e9f41a44f30e526eda465ea0b4eec93470e074e4a111b253f13a/s3transfer-0.19.2-py3-none-any.whl", hash = "sha256:d8168eccca828cbb2cd573675333f3bddd254313a9c42494b84c76b539e8ba25", size = 90216, upload-time = "2026-07-22T19:30:43.251Z" },
]

[[package]]
name = "six"
version = "1.17.0"
source = { registry = "https://pypi.org/simple" }
sdist = { url = "https://files.pythonhosted.org/packages/94/e7/b2c673351809dca68a0e064b6af791aa332cf192da575fd474ed7d6f16a2/six-1.17.0.tar.gz", hash = "sha256:ff70335d468e7eb6ec65b95b99d3a2836546063f63acc5171de367e834932a81", size = 34031, upload-time = "2024-12-04T17:35:28.174Z" }
wheels = [
    { url = "https://files.pythonhosted.org/packages/b7/ce/149a00dd41f10bc29e5921b496af8b574d8413afcd5e30dfa0ed46c2cc5e/six-1.17.0-py2.py3-none-any.whl", hash = "sha256:4721f391ed90541fddacab5acf947aa0d3dc7d27b2e1e8eda2be8970586c3274", size = 11050, upload-time = "2024-12-04T17:35:26.475Z" },
]

[[package]]
name = "types-aws-xray-sdk"
version = "2.15.0.20260518"
source = { registry = "https://pypi.org/simple" }
sdist = { url = "https://files.pythonhosted.org/packages/d0/aa/6d5389c1e8c1495c74e3f37483ca950b57bee3c634e9c8b5df63e30ffde4/types_aws_xray_sdk-2.15.0.20260518.tar.gz", hash = "sha256:cab6bb8cf1169bd0cb4fb80e6ab4f04a4335268f087d3284e521cc0085209022", size = 24652, upload-time = "2026-05-18T06:03:42.413Z" }
wheels = [
    { url = "https://files.pythonhosted.org/packages/30/36/bf8a742a68649888a962bde1c8830f819ada9d542704c1063f0a63c6e5af/types_aws_xray_sdk-2.15.0.20260518-py3-none-any.whl", hash = "sha256:919cb882fe4b65e3261838d05431ce60be6b245b76b30588aff940ee1a7ef492", size = 44813, upload-time = "2026-05-18T06:03:41.435Z" },
]

[[package]]
name = "types-jmespath"
version = "1.0.2.20250809"
source = { registry = "https://pypi.org/simple" }
sdist = { url = "https://files.pythonhosted.org/packages/d5/ff/6848b1603ca47fff317b44dfff78cc1fb0828262f840b3ab951b619d5a22/types_jmespath-1.0.2.20250809.tar.gz", hash = "sha256:e194efec21c0aeae789f701ae25f17c57c25908e789b1123a5c6f8d915b4adff", size = 10248, upload-time = "2025-08-09T03:14:57.996Z" }
wheels = [
    { url = "https://files.pythonhosted.org/packages/0e/6a/65c8be6b6555beaf1a654ae1c2308c2e19a610c0b318a9730e691b79ac79/types_jmespath-1.0.2.20250809-py3-none-any.whl", hash = "sha256:4147d17cc33454f0dac7e78b4e18e532a1330c518d85f7f6d19e5818ab83da21", size = 11494, upload-time = "2025-08-09T03:14:57.292Z" },
]

[[package]]
name = "types-requests"
version = "2.32.4.20260324"
source = { registry = "https://pypi.org/simple" }
dependencies = [
    { name = "urllib3" },
]
sdist = { url = "https://files.pythonhosted.org/packages/6c/b1/66bafdc85965e5aa3db42e1b9128bf8abe252edd7556d00a07ef437a3e0e/types_requests-2.32.4.20260324.tar.gz", hash = "sha256:33a2a9ccb1de7d4e4da36e347622c35418f6761269014cc32857acabd5df739e", size = 23765, upload-time = "2026-03-24T04:06:35.106Z" }
wheels = [
    { url = "https://files.pythonhosted.org/packages/5b/5a/ce5999f9bd72c7fac681d26cd0a5782b379053bfc2214e2a3fbe30852c9e/types_requests-2.32.4.20260324-py3-none-any.whl", hash = "sha256:f83ef2deb284fe99a249b8b0b0a3e4b9809e01ff456063c4df0aac7670c07ab9", size = 20735, upload-time = "2026-03-24T04:06:33.9Z" },
]

[[package]]
name = "types-s3transfer"
version = "0.16.0"
source = { registry = "https://pypi.org/simple" }
sdist = { url = "https://files.pythonhosted.org/packages/fe/64/42689150509eb3e6e82b33ee3d89045de1592488842ddf23c56957786d05/types_s3transfer-0.16.0.tar.gz", hash = "sha256:b4636472024c5e2b62278c5b759661efeb52a81851cde5f092f24100b1ecb443", size = 13557, upload-time = "2025-12-08T08:13:09.928Z" }
wheels = [
    { url = "https://files.pythonhosted.org/packages/98/27/e88220fe6274eccd3bdf95d9382918716d312f6f6cef6a46332d1ee2feff/types_s3transfer-0.16.0-py3-none-any.whl", hash = "sha256:1c0cd111ecf6e21437cb410f5cddb631bfb2263b77ad973e79b9c6d0cb24e0ef", size = 19247, upload-time = "2025-12-08T08:13:08.426Z" },
]

[[package]]
name = "typing-extensions"
version = "4.16.0"
source = { registry = "https://pypi.org/simple" }
sdist = { url = "https://files.pythonhosted.org/packages/f6/cc/6253133b5bb138fc3306cebfbda2c520f545d36b5be2c7255cc528bb45d6/typing_extensions-4.16.0.tar.gz", hash = "sha256:dc983d19a509c94dba722ee6abd33940f7c05a89e243c47e907eb4db6f1a43e5", size = 113555, upload-time = "2026-07-02T08:40:05.92Z" }
wheels = [
    { url = "https://files.pythonhosted.org/packages/49/d3/b8441a820a491ddfc024b0b0cf0393375b75ea13866d9c66727e54c2fc80/typing_extensions-4.16.0-py3-none-any.whl", hash = "sha256:481caa481374e813c1b176ada14e97f1f67a4539ce9cfeb3f350d78d6370c2e8", size = 45571, upload-time = "2026-07-02T08:40:04.659Z" },
]

[[package]]
name = "urllib3"
version = "2.8.0"
source = { registry = "https://pypi.org/simple" }
sdist = { url = "https://files.pythonhosted.org/packages/e3/05/b17359e1cefb4f909b5e40b1b90a496d987258916dbbf88e842c729f510e/urllib3-2.8.0.tar.gz", hash = "sha256:63bf2ead4c879426ebf22ef2a781eeb4aa3b4ae798a0435506f8687fd5bb9b63", size = 458972, upload-time = "2026-09-15T19:29:36.253Z" }
wheels = [
    { url = "https://files.pythonhosted.org/packages/92/9d/c4e665119135114480843e7ab388fa94d8480650450e6f8e26b70d323a4c/urllib3-2.8.0-py3-none-any.whl", hash = "sha256:0cf3cae568d36aa9576b28dfb35f11328f1cb974ca7647d9475ebb86c75ac6e3", size = 135717, upload-time = "2026-09-15T19:29:34.577Z" },
]

[[package]]
name = "wrapt"
version = "2.5.0"
source = { registry = "https://pypi.org/simple" }
sdist = { url = "https://files.pythonhosted.org/packages/3e/d2/a254a26d8ceaea87e0eee2e89fcfe53ddc1858418647493bb2937549ab6f/wrapt-2.5.0.tar.gz", hash = "sha256:c48cdb6c904dca76d9915a579e4a5fab6b0c25f650c1019ce78a78effaf7a345", size = 183288, upload-time = "2026-09-27T01:41:56.874Z" }
wheels = [
    { url = "https://files.pythonhosted.org/packages/2a/a6/44589f9b34160280a1fbccbcf206b18df034a1b3e9584336d3a7f039a33c/wrapt-2.5.0-cp312-cp312-macosx_10_13_x86_64.whl", hash = "sha256:b898caea081303006decc562c7fca5126f7c96507e78dd8f1ae3285dfa50ddc7", size = 106192, upload-time = "2026-09-27T01:40:00.941Z" },
    { url = "https://files.pythonhosted.org/packages/ce/2b/94db3ba2e9528400e4173cbb67a56822a4644d4c2b319feb0cc638094b36/wrapt-2.5.0-cp312-cp312-macosx_11_0_arm64.whl", hash = "sha256:8837fbe708cb9d8a2d32a37dee836d24a531f02560db26418e2b181986fa21cb", size = 105828, upload-time = "2026-09-27T01:40:02.494Z" },
    { url = "https://files.pythonhosted.org/packages/11/0e/3ce67af67525c0068680637c0eba823ce2f0fc6eff2d1779cab656fb8c3d/wrapt-2.5.0-cp312-cp312-manylinux1_x86_64.manylinux_2_28_x86_64.manylinux_2_5_x86_64.whl", hash = "sha256:0cabb9c17ab79b2549d1f23b36f436473ad9253ef53995a817feba26fae69d5b", size = 250177, upload-time = "2026-09-27T01:40:03.819Z" },
    { url = "https://files.pythonhosted.org/packages/d3/3b/262b2c3c38aca6fa32cfea6407dbb346ce26ff788179b98137b3b3f3d8ca/wrapt-2.5.0-cp312-cp312-manylinux2014_aarch64.manylinux_2_17_aarch64.manylinux_2_28_aarch64.whl", hash = "sha256:6761765cc520ff9616fb035c02a85d1d744f7f70edd4649718fd0d09c589eacf", size = 250332, upload-time = "2026-09-27T01:40:05.15Z" },
    { url = "https://files.pythonhosted.org/packages/2e/ec/d54d273a2223d1964ecd5b5954aca18e8fbf2c5d8471e60ef3cbaaed9325/wrapt-2.5.0-cp312-cp312-manylinux_2_31_riscv64.manylinux_2_39_riscv64.whl", hash = "sha256:a145a7826eddea3eb5814903f98f93756042b919bb5305544cb1331daa2705b1", size = 229600, upload-time = "2026-09-27T01:40:06.47Z" },
    { url = "https://files.pythonhosted.org/packages/8e/88/33c75ac47b13b0bf77b44d96d02b1d0a2e6db66180909bacce86ef8fcd8e/wrapt-2.5.0-cp312-cp312-musllinux_1_2_aarch64.whl", hash = "sha256:6a9ee62a970075738909909bdbef3a7da9f7ae03dfca584db283547a29503b56", size = 246890, upload-time = "2026-09-27T01:40:07.838Z" },
    { url = "https://files.pythonhosted.org/packages/d2/0e/c3a3a158801e5bee7a0d9aa3561a127bd80f166b02b7b520a39e45d8f9b9/wrapt-2.5.0-cp312-cp312-musllinux_1_2_riscv64.whl", hash = "sha256:691671ea05684f921ffc2e935fd3f9311c1795a10fbbfa006b46269733668f66", size = 226463, upload-time = "2026-09-27T01:40:09.206Z" },
    { url = "https://files.pythonhosted.org/packages/7c/2c/4c48ba51698a87e2e8299fc04856bbef391cb725f195bc93f0bc6196e1f2/wrapt-2.5.0-cp312-cp312-musllinux_1_2_x86_64.whl", hash = "sha256:e716f47c7f61e11709d3c0904213c94fc22999abf0c41461276cef886c1e8b4d", size = 238583, upload-time = "2026-09-27T01:40:10.631Z" },
    { url = "https://files.pythonhosted.org/packages/33/d2/077835618ed96b131730f74301a7236efd841ec2f341afe36303389b56ef/wrapt-2.5.0-cp312-cp312-win32.whl", hash = "sha256:5421acb5c363a9bc959122a8645e3f1f42010c932dc53885b11a5ff5b5a6d730", size = 100221, upload-time = "2026-09-27T01:40:11.91Z" },
    { url = "https://files.pythonhosted.org/packages/96/9f/9e56db2a3492275be809082c6f63a7a063f52b3e1812aae1eb03ec33f64c/wrapt-2.5.0-cp312-cp312-win_amd64.whl", hash = "sha256:ab45839c912777e2738fed369636589c8b2a6d9c44ca56de0fd0814581d467c2", size = 105786, upload-time = "2026-09-27T01:40:13.208Z" },
    { url = "https://files.pythonhosted.org/packages/0c/e4/e37ff75e5254564aa50e13bc4313383d02d5ec78f5bd3b9b1994dd7052d5/wrapt-2.5.0-cp312-cp312-win_arm64.whl", hash = "sha256:ce4cab32c37ef71e69cf88f909b7febd0dd79543e5ae3650e2b874e0f3d3b975", size = 102937, upload-time = "2026-09-27T01:40:14.534Z" },
    { url = "https://files.pythonhosted.org/packages/d6/4b/cc7bb5668f7ddc0e73e236e96a0c06cab8fddfca9c53538c9dffac62db6f/wrapt-2.5.0-cp313-cp313-macosx_10_13_x86_64.whl", hash = "sha256:b312b3cc87951faaed3cfef984d768ee8bee7f935d9cc929aaa9946b0b96a98c", size = 105808, upload-time = "2026-09-27T01:40:15.826Z" },
    { url = "https://files.pythonhosted.org/packages/4a/13/5d15ef0e2f42d5f084930dc4863e6e52c160c28301c8780aae170c58421c/wrapt-2.5.0-cp313-cp313-macosx_11_0_arm64.whl", hash = "sha256:c57ddae24cf72eb6bd18112638a987cafe6109d90f2df111e6934362cc03ac1a", size = 105931, upload-time = "2026-09-27T01:40:17.136Z" },
    { url = "https://files.pythonhosted.org/packages/1e/02/c7174e78b0c38bb279b2d3c25a6bd7fb9d3b0200c3e5a8fad084e7cc3e85/wrapt-2.5.0-cp313-cp313-manylinux1_x86_64.manylinux_2_28_x86_64.manylinux_2_5_x86_64.whl", hash = "sha256:b95a6eca3b927853529eea958310563c83140ae8451dd5dc4399c7da385dc4f3", size = 248259, upload-time = "2026-09-27T01:40:18.446Z" },
    { url = "https://files.pythonhosted.org/packages/a4/f9/47ae1d7ef325c3f6c81ae3c1fb4a3fef9d98c8025ed676c0bfc1550903ce/wrapt-2.5.0-cp313-cp313-manylinux2014_aarch64.manylinux_2_17_aarch64.manylinux_2_28_aarch64.whl", hash = "sha256:6058e12e9caa33468f9a36fb88c15a4bb30a479f997b37834b83abdbf062f264", size = 248224, upload-time = "2026-09-27T01:40:19.713Z" },
    { url = "https://files.pythonhosted.org/packages/38/7b/a394448bcbbaf8e5a3f856520edbbb1b92fc42061def56284c9083f3ac87/wrapt-2.5.0-cp313-cp313-manylinux_2_31_riscv64.manylinux_2_39_riscv64.whl", hash = "sha256:0d245ac03f5ae77f1eea6eb19edd9e778c2f772490c20496c2f1cd3a102ee1b6", size = 227137, upload-time = "2026-09-27T01:40:21.359Z" },
    { url = "https://files.pythonhosted.org/packages/41/45/fc252bda5aa1ca01bc838d3b108778e786a2a13d0c52fd17c5f6179aa246/wrapt-2.5.0-cp313-cp313-musllinux_1_2_aarch64.whl", hash = "sha256:f4ef4935962f7029b2058a99f1a47ccbffc3be919dddb3becb6c2c48eac3d9f0", size = 244710, upload-time = "2026-09-27T01:40:22.693Z" },
    { url = "https://files.pythonhosted.org/packages/0b/1c/527d1bde7371dcc2c378d88c97de03b121b486fb4cd3dbb399bc332c0676/wrapt-2.5.0-cp313-cp313-musllinux_1_2_riscv64.whl", hash = "sha256:f12e80c3089ebc03727d368f8205b811b5af2cd4a72b5e4cac75e901dd316e39", size = 225053, upload-time = "2026-09-27T01:40:24.345Z" },
    { url = "https://files.pythonhosted.org/packages/81/8e/2b823fded8c3b815408c58633929812eacd29d824fe57548b7868c4ee422/wrapt-2.5.0-cp313-cp313-musllinux_1_2_x86_64.whl", hash = "sha256:a346408f19b6d589bf029f25f65c0b4cdeed6302ef8f40da4e5d1552d22dc037", size = 236884, upload-time = "2026-09-27T01:40:25.654Z" },
    { url = "https://files.pythonhosted.org/packages/00/d7/5d185c1193b073a0bf4cbe862b5d31f81067eddc39eff30ae632f346563d/wrapt-2.5.0-cp313-cp313-win32.whl", hash = "sha256:79e68f0fd7d381b9bbd71776f602a2d5440d4d2077459128e02fd6607465422c", size = 100198, upload-time = "2026-09-27T01:40:27.111Z" },
    { url = "https://files.pythonhosted.org/packages/ce/9a/51d95640e01d0ebdd04a7223755f076e4936b0c124ce99bb01a12b53e66c/wrapt-2.5.0-cp313-cp313-win_amd64.whl", hash = "sha256:77f0a74ff6f6cf89f5b673a732d5afe1911a6e6b1c017260836fdfdf85518dc1", size = 105610, upload-time = "2026-09-27T01:40:28.465Z" },
    { url = "https://files.pythonhosted.org/packages/67/52/183d5ce7c2a9391774e6a623be6ae564351545713ec9a3693528f89c8e85/wrapt-2.5.0-cp313-cp313-win_arm64.whl", hash = "sha256:b620d7559b6b2197c5730332fab0867ecf1c8cb74d45533ebbcbcad1eacf4616", size = 102641, upload-time = "2026-09-27T01:40:30Z" },
    { url = "https://files.pythonhosted.org/packages/f3/4b/0009086ab8f2d5fb32405ef49fdd11104ce40f69ae9f4cdfba8326462816/wrapt-2.5.0-cp314-cp314-macosx_10_15_x86_64.whl", hash = "sha256:65f2ee406dc592a5b22a7dc6abac13e8a3e8de4b2ecf5dc3c22937865496e4b6", size = 106182, upload-time = "2026-09-27T01:40:31.503Z" },
    { url = "https://files.pythonhosted.org/packages/5d/35/8f38339a4c55a42df00296dcf6ad50598d2280049f7a6ffa525e9a1f66d1/wrapt-2.5.0-cp314-cp314-macosx_11_0_arm64.whl", hash = "sha256:d75d6366203c8d025c1a74bae0b565952187ddae79bd5c7bf10687652a56f020", size = 106123, upload-time = "2026-09-27T01:40:32.927Z" },
    { url = "https://files.pythonhosted.org/packages/23/38/285b433121d73c7a447b5b82d93c91dc3330f33ab5853975f34551e0c773/wrapt-2.5.0-cp314-cp314-manylinux1_x86_64.manylinux_2_28_x86_64.manylinux_2_5_x86_64.whl", hash = "sha256:b640460f0ffb346b192686bd6fac5589e35a6c6640501c59a9fb6e82b0dd6bd8", size = 251245, upload-time = "2026-09-27T01:40:34.309Z" },
    { url = "https://files.pythonhosted.org/packages/7b/a6/3f63f4637e89484c1839a9ba3aedda5b2912e7ce12617034c6bd49752cfa/wrapt-2.5.0-cp314-cp314-manylinux2014_aarch64.manylinux_2_17_aarch64.manylinux_2_28_aarch64.whl", hash = "sha256:1f17c5a3836397bf59fd57b0e5b0dc42969b1daa70d31aa361c6e13cbf138b5a", size = 250483, upload-time = "2026-09-27T01:40:35.841Z" },
    { url = "https://files.pythonhosted.org/packages/e9/cd/f24ee96016da222dbb921cfb22e2beb5ca189a7b730ef49e8bb106b49449/wrapt-2.5.0-cp314-cp314-manylinux_2_31_riscv64.manylinux_2_39_riscv64.whl", hash = "sha256:4343880acd72e74233baf092285aaaf4306244e31d7601828bd2600316027df0", size = 231341, upload-time = "2026-09-27T01:40:37.295Z" },
    { url = "https://files.pythonhosted.org/packages/23/eb/c9b180124271e494f615a130f966be56143e3e26e87706bc28582f94bc09/wrapt-2.5.0-cp314-cp314-musllinux_1_2_aarch64.whl", hash = "sha256:ea4fdc79c0045d6bb1603c109127145245cafe888588888444e1e37fbeadbac3", size = 247736, upload-time = "2026-09-27T01:40:38.653Z" },
    { url = "https://files.pythonhosted.org/packages/fd/60/345b8c213389809435d1950136b09991a1af2a66b988d0cd930ecd1b9f19/wrapt-2.5.0-cp314-cp314-musllinux_1_2_riscv64.whl", hash = "sha256:f42239c89430eee2d8a6dec39e34677abdbb67fff63caf2467dd6124ea4d4d58", size = 228533, upload-time = "2026-09-27T01:40:40.12Z" },
    { url = "https://files.pythonhosted.org/packages/ea/15/c79f0f5827a9062c6be4fc25dc73e92fe1c014c7bfde2e61c8c0b56a91af/wrapt-2.5.0-cp314-cp314-musllinux_1_2_x86_64.whl", hash = "sha256:bad63bb4dea3c58e8078a3a173259ac2df5442a437e49c632b4099c0250e803b", size = 238830, upload-time = "2026-09-27T01:40:41.505Z" },
    { url = "https://files.pythonhosted.org/packages/5f/de/79a95ac238c9cae7ae7eb3a18501afc646e3ed61d8d108c725b17bbee301/wrapt-2.5.0-cp314-cp314-win32.whl", hash = "sha256:b58138d19f34e32833e62de5e910bc2a8baae43310b921d783bd39b15227c2dd", size = 100664, upload-time = "2026-09-27T01:40:42.884Z" },
    { url = "https://files.pythonhosted.org/packages/f0/15/32de0f1e6a46a82c773430672562d53203406df14a6d73c93abb59b679e9/wrapt-2.5.0-cp314-cp314-win_amd64.whl", hash = "sha256:1a3c4035d2026b87ef23dd8d165f1f8d3853ee2bd02791cfd22bd8c6226c41ce", size = 105986, upload-time = "2026-09-27T01:40:44.652Z" },
    { url = "https://files.pythonhosted.org/packages/d9/2a/10a7ff69097385de15b3db7d91587a54c26f8025fcbf36a1d9e83a1e0ad1/wrapt-2.5.0-cp314-cp314-win_arm64.whl", hash = "sha256:def66258d97ebf1e4e97def12c5daa542d1cc728a3da83ed3a43933f56df6dab", size = 103718, upload-time = "2026-09-27T01:40:45.956Z" },
    { url = "https://files.pythonhosted.org/packages/f7/01/963f893b1906ac6c2aecb777c36e9ab2156a4cf89fabf6125e953ec4ad52/wrapt-2.5.0-cp314-cp314t-macosx_10_15_x86_64.whl", hash = "sha256:23a9d6cb6413359b76f030d6bbb75340b7669c69da245dde2919a4c93708993b", size = 109290, upload-time = "2026-09-27T01:40:47.22Z" },
    { url = "https://files.pythonhosted.org/packages/cd/6c/30e04d2b1284de2eea5411850008e0411d1876bf4552dc0990c904a0a783/wrapt-2.5.0-cp314-cp314t-macosx_11_0_arm64.whl", hash = "sha256:21cfe343ef9c2deb865ad0d5c57822266447c88dcf6d8805dd8c363fe367f30c", size = 109597, upload-time = "2026-09-27T01:40:49Z" },
    { url = "https://files.pythonhosted.org/packages/6a/34/3980fe5a899b69454f66db2991c144ecc828dbbd355ce6cd7b881056ebbc/wrapt-2.5.0-cp314-cp314t-manylinux1_x86_64.manylinux_2_28_x86_64.manylinux_2_5_x86_64.whl", hash = "sha256:0dfc38cb672af51fc29696ba9c6f05d2315f5e62c4af2564e50f07f81198a163", size = 283840, upload-time = "2026-09-27T01:40:50.406Z" },
    { url = "https://files.pythonhosted.org/packages/b6/b4/b37001235fd5871b3f31941229f8fef608279353b772dab3ccb248fd8726/wrapt-2.5.0-cp314-cp314t-manylinux2014_aarch64.manylinux_2_17_aarch64.manylinux_2_28_aarch64.whl", hash = "sha256:181a45000506a6382eb337354ca7e8525690702f1ccf2eae4f23a210ff339543", size = 293622, upload-time = "2026-09-27T01:40:51.868Z" },
    { url = "https://files.pythonhosted.org/packages/09/b3/9b751c6268fa2111efc7e43895105bc0f60a83896b08581009e77563f8c7/wrapt-2.5.0-cp314-cp314t-manylinux_2_31_riscv64.manylinux_2_39_riscv64.whl", hash = "sha256:58b2a87c65cbfb20917ec48ace47f71b1962c1f81dbf18a4052e3037abf72028", size = 262840, upload-time = "2026-09-27T01:40:53.297Z" },
    { url = "https://files.pythonhosted.org/packages/47/7d/b7b51d601981ccc1f7b9e6023991548dec43dc9d40317597fbe0085bc876/wrapt-2.5.0-cp314-cp314t-musllinux_1_2_aarch64.whl", hash = "sha256:0ea62bc142f4fa8b2e0ab058f50699ccd679ef6199c8fa3cc1c2396c7a659000", size = 288781, upload-time = "2026-09-27T01:40:54.756Z" },
    { url = "https://files.pythonhosted.org/packages/d1/82/1a84f288246905d0a71d44aa1f470ff8c75df2b96ef791d2938124449cb0/wrapt-2.5.0-cp314-cp314t-musllinux_1_2_riscv64.whl", hash = "sha256:425349a99b8c9540399d36620c376dc26e6aca93071cd6fafa239c2f1b5d53a4", size = 260116, upload-time = "2026-09-27T01:40:56.667Z" },
    { url = "https://files.pythonhosted.org/packages/5a/0e/0572224d1c4a3f0846f82614702ec3110d45c843dcc7781c5f33779e1fdc/wrapt-2.5.0-cp314-cp314t-musllinux_1_2_x86_64.whl", hash = "sha256:fe09aac4837ec720af606a493e814dcc3f65631984e1b7231b589efcf9917024", size = 278485, upload-time = "2026-09-27T01:40:58.443Z" },
    { url = "https://files.pythonhosted.org/packages/76/44/5a5c111f8ac6dd15f54437c2161588431d3924718a7e4de59c471cd794e9/wrapt-2.5.0-cp314-cp314t-win32.whl", hash = "sha256:bc5607c1911c92530cb402ea90d818933cffb28bd8de9b453a2542279816d8c7", size = 103157, upload-time = "2026-09-27T01:40:59.995Z" },
    { url = "https://files.pythonhosted.org/packages/e6/80/96cc2da58cbc0893f5165f6a0f4f9cb75d7574f409022ad792aa80a0ff3f/wrapt-2.5.0-cp314-cp314t-win_amd64.whl", hash = "sha256:7138b0e7990e5555a905c519e8dad17c1da1f20e08b283e202c414229065740f", size = 109683, upload-time = "2026-09-27T01:41:01.43Z" },
    { url = "https://files.pythonhosted.org/packages/c7/70/10dab499970e66c926ba6d404ff456318b68092b8ad0c4608a52160e43a2/wrapt-2.5.0-cp314-cp314t-win_arm64.whl", hash = "sha256:a5bb346a34499e091e4fa23df58251ad192173c088e5413d893ca1c730c133c7", size = 105953, upload-time = "2026-09-27T01:41:03.041Z" },
    { url = "https://files.pythonhosted.org/packages/ab/18/5154954f69afdbf5bdeddc07ed60f30bf6e83ed1e9fb6f96c66cc20e4223/wrapt-2.5.0-cp315-cp315-macosx_10_15_x86_64.whl", hash = "sha256:a45a5249a6965d91aac9f991fda7c17e6b8b41fe91592a6099f182bf53c82724", size = 106186, upload-time = "2026-09-27T01:41:04.472Z" },
    { url = "https://files.pythonhosted.org/packages/5d/43/7db9952d26b1a89afcf22da8ec7948e6ca55c48721488d53f84754eed89d/wrapt-2.5.0-cp315-cp315-macosx_11_0_arm64.whl", hash = "sha256:cbd45dfba6b5c1bfbabe1feb3c0f117fbd62416e98268d9a7cd9ad8802875356", size = 106155, upload-time = "2026-09-27T01:41:05.795Z" },
    { url = "https://files.pythonhosted.org/packages/57/b6/41a0d7f9cf1f8e6aaecbf4b5b4eaacf4036fa3396c7d814364e07728a041/wrapt-2.5.0-cp315-cp315-manylinux1_x86_64.manylinux_2_28_x86_64.manylinux_2_5_x86_64.whl", hash = "sha256:bc6491d3008ecabf685b0746f03ad8241a0950336939b14addb03af39b51a316", size = 251754, upload-time = "2026-09-27T01:41:07.26Z" },
    { url = "https://files.pythonhosted.org/packages/55/d4/dd2de1260a490cd55d083b3c1bc47a36aff0e8363249d108d3b34c091c0e/wrapt-2.5.0-cp315-cp315-manylinux2014_aarch64.manylinux_2_17_aarch64.manylinux_2_28_aarch64.whl", hash = "sha256:47abb2bb7f15b416e72fbe5e68e49a6f09331dae6af1ca6055f5aa2251d2bd2f", size = 250768, upload-time = "2026-09-27T01:41:08.681Z" },
    { url = "https://files.pythonhosted.org/packages/4c/40/d08297feb5728cd6d3c1133633cad0249c2b7a82eb0213062ebab9cc1266/wrapt-2.5.0-cp315-cp315-manylinux_2_31_riscv64.manylinux_2_39_riscv64.whl", hash = "sha256:7e25e9697f60af41fb86b08697e470b1e7eb6cd6ac0eb25e4b1f519839adc271", size = 232618, upload-time = "2026-09-27T01:41:10.293Z" },
    { url = "https://files.pythonhosted.org/packages/54/52/d8ca61b26c2a34927cc999fc250f1018f415741691581280e6a76cced736/wrapt-2.5.0-cp315-cp315-musllinux_1_2_aarch64.whl", hash = "sha256:bcd42e7b69c8c1e33a29b79b28de03bdc08876a49745830f9162a3af860e06d0", size = 248043, upload-time = "2026-09-27T01:41:12.132Z" },
    { url = "https://files.pythonhosted.org/packages/8c/5e/ba02904736e2d3b05afd7447b4ddff677ce61762265939555541adb8c668/wrapt-2.5.0-cp315-cp315-musllinux_1_2_riscv64.whl", hash = "sha256:36703cafc2ec059e118c2175e6cb7ad7299c2924aecdcb1b7a7ebbf7a3e20c19", size = 229577, upload-time = "2026-09-27T01:41:13.746Z" },
    { url = "https://files.pythonhosted.org/packages/a0/94/23968c18a6e37a8a130706dc52ccf4344a71f1fe53c99965eb0a7715a459/wrapt-2.5.0-cp315-cp315-musllinux_1_2_x86_64.whl", hash = "sha256:1ebc0d09906057ada57a32158a657364ca40b8f86e604da3e7d979069b601502", size = 239372, upload-time = "2026-09-27T01:41:15.459Z" },
    { url = "https://files.pythonhosted.org/packages/ee/ee/8437e73fffa57c96a5f0f6721f942ccf7b1461b64cd965f83e2181e25252/wrapt-2.5.0-cp315-cp315-win32.whl", hash = "sha256:76fb341d5a707a4f211631b8c77259b2df149147e9d9c245ae6ba3dd936bfdfb", size = 100673, upload-time = "2026-09-27T01:41:16.925Z" },
    { url = "https://files.pythonhosted.org/packages/37/6d/6d640f98197d68e61fbeaded20478e4aa840f9c88d11e7a49c8d6d14ae15/wrapt-2.5.0-cp315-cp315-win_amd64.whl", hash = "sha256:6269637d9a54990430b4a769df15833935a46c4d004d9fe8a153bbadf0b9a097", size = 105999, upload-time = "2026-09-27T01:41:18.372Z" },
    { url = "https://files.pythonhosted.org/packages/0d/3e/8b8a0c94f2698c99afb499510824b107c81e9c4a34b3db7e877233a634b7/wrapt-2.5.0-cp315-cp315-win_arm64.whl", hash = "sha256:1122f4f9e363da804ccba05a9f0f39baa3716eb82452c929258bc3f1420c899b", size = 103728, upload-time = "2026-09-27T01:41:19.729Z" },
    { url = "https://files.pythonhosted.org/packages/37/96/88f08f58759ee3739544cc51941853e946df1f400ba60c6efbeccfb589d7/wrapt-2.5.0-cp315-cp315t-macosx_10_15_x86_64.whl", hash = "sha256:e3c6fb1c1a516881353186bed9cfcb8899f968c03b3509720c79db0d967acf3b", size = 109275, upload-time = "2026-09-27T01:41:21.213Z" },
    { url = "https://files.pythonhosted.org/packages/29/cc/68846aa92814d0704d4b128a30d7707368be6951e8a8f42f1254ce4ab31c/wrapt-2.5.0-cp315-cp315t-macosx_11_0_arm64.whl", hash = "sha256:0a7a369e7fca9fc8c2c50df634382009b09af416853da3d4515e4bb048a5b9ee", size = 109610, upload-time = "2026-09-27T01:41:22.647Z" },
    { url = "https://files.pythonhosted.org/packages/fe/87/bbaa188dace348b6a403bbf3cc483f3f419ac97700274340e17f2dbc700e/wrapt-2.5.0-cp315-cp315t-manylinux1_x86_64.manylinux_2_28_x86_64.manylinux_2_5_x86_64.whl", hash = "sha256:88bb24b9fdccb1d805258d5648533206eb58c58b6554985c47db53a89c11be85", size = 284602, upload-time = "2026-09-27T01:41:24.094Z" },
    { url = "https://files.pythonhosted.org/packages/be/2e/8a3309b0cbd3ab809ee6b76812c3be211f5a08732f321f131d26bb4f078a/wrapt-2.5.0-cp315-cp315t-manylinux2014_aarch64.manylinux_2_17_aarch64.manylinux_2_28_aarch64.whl", hash = "sha256:2e3d110d7f99644946f249927c346d9dba507a78815d1bcebdbf0d94c14c5649", size = 294893, upload-time = "2026-09-27T01:41:25.654Z" },
    { url = "https://files.pythonhosted.org/packages/15/b7/eda8bbdb6a3b7343d2c71e23fb0ebfc15c12fd470e3cce7ea42f7a57aaac/wrapt-2.5.0-cp315-cp315t-manylinux_2_31_riscv64.manylinux_2_39_riscv64.whl", hash = "sha256:1ffb2823c95dbeb8a47fedfba9636b2afeb0a8ef94b66df97bd081bdfe5a263f", size = 264658, upload-time = "2026-09-27T01:41:27.375Z" },
    { url = "https://files.pythonhosted.org/packages/41/f0/589bad71ca3ce5444a626ee10d657fd6aa5080ada76b3bcd4550468aa16e/wrapt-2.5.0-cp315-cp315t-musllinux_1_2_aarch64.whl", hash = "sha256:557ebf4ce5568588368675014a2540405db687c2e4c7ad1eb83aa7e857be1864", size = 289974, upload-time = "2026-09-27T01:41:29.032Z" },
    { url = "https://files.pythonhosted.org/packages/dc/97/c48f3c820ae6687e87b537041cd49ad4caa41e05a8f0d8ec08e449ca303c/wrapt-2.5.0-cp315-cp315t-musllinux_1_2_riscv64.whl", hash = "sha256:05246a100da68259af521b88788f131ba005465f1c95d358cc3c03ec5e351b52", size = 261945, upload-time = "2026-09-27T01:41:30.941Z" },
    { url = "https://files.pythonhosted.org/packages/fd/ad/d96898f500cb1e4185474bac6cb14bb7ea670a32f37e8c354a0c647e3a92/wrapt-2.5.0-cp315-cp315t-musllinux_1_2_x86_64.whl", hash = "sha256:c932273bc43b068538f3874fa5e6c2a60f33fa0b11c1ebc7768652f6a0608943", size = 279744, upload-time = "2026-09-27T01:41:32.617Z" },
    { url = "https://files.pythonhosted.org/packages/5d/8b/7981d2ac838d0dc07e81145cb1c9911812e060b98e8c5a47c84fb92f8f81/wrapt-2.5.0-cp315-cp315t-win32.whl", hash = "sha256:2fd8a61c31220840c7f52621cf51c961af5058bd009a55bcdf4a6732bdb13b35", size = 103124, upload-time = "2026-09-27T01:41:34.117Z" },
    { url = "https://files.pythonhosted.org/packages/2a/1d/374cec175b6087e1067a780374d81d74ca966e1e5e39e666402eaee19a65/wrapt-2.5.0-cp315-cp315t-win_amd64.whl", hash = "sha256:1d4da5f0e9a719471502b0db80d5c97503aeca796b7aeb9ab8f47403b2be76e6", size = 109671, upload-time = "2026-09-27T01:41:35.553Z" },
    { url = "https://files.pythonhosted.org/packages/c7/93/fc9e477a1771bec52d7677eee5e8404afe662a47efe1859405a18fff206c/wrapt-2.5.0-cp315-cp315t-win_arm64.whl", hash = "sha256:78b7bdaa8b27b7f7607c66bdb6ab15c1dcbd9e9a1556a253a347dad511f615d1", size = 105969, upload-time = "2026-09-27T01:41:36.973Z" },
    { url = "https://files.pythonhosted.org/packages/87/7d/5ed859fad4b5eddd598a846150aaab2703730ed4886c5c5e03b0df0cfdd5/wrapt-2.5.0-py3-none-any.whl", hash = "sha256:107eea1a511e98a3a5033b0c2cb403fbb37f05dee6ac1fb85c0460d311ec278c", size = 81586, upload-time = "2026-09-27T01:41:55.479Z" },
]
